// !$*UTF8*$!
{
	archiveVersion = 1;
	classes = {
	};
	objectVersion = 51;
	objects = {

/* Begin PBXBuildFile section */
		19123923265E81EC00A77915 /* ConsultResult.swift in Sources */ = {isa = PBXBuildFile; fileRef = 19123922265E81EC00A77915 /* ConsultResult.swift */; };
		191BE26B265711AC00BFC029 /* SuccessViewController.swift in Sources */ = {isa = PBXBuildFile; fileRef = 191BE26A265711AC00BFC029 /* SuccessViewController.swift */; };
		19208A71265D2276007AA552 /* ProfessionalTableViewCell.swift in Sources */ = {isa = PBXBuildFile; fileRef = 19208A70265D2276007AA552 /* ProfessionalTableViewCell.swift */; };
		19208A73265D3C8D007AA552 /* ComoFuncionaViewController.swift in Sources */ = {isa = PBXBuildFile; fileRef = 19208A72265D3C8D007AA552 /* ComoFuncionaViewController.swift */; };
		19208A75265D6DE4007AA552 /* DetailsViewController.swift in Sources */ = {isa = PBXBuildFile; fileRef = 19208A74265D6DE4007AA552 /* DetailsViewController.swift */; };
		19405C86265E86EA00D05F4A /* ConsultViewModel.swift in Sources */ = {isa = PBXBuildFile; fileRef = 19405C85265E86EA00D05F4A /* ConsultViewModel.swift */; };
		19405C88265EA17100D05F4A /* ProfileViewController.swift in Sources */ = {isa = PBXBuildFile; fileRef = 19405C87265EA17000D05F4A /* ProfileViewController.swift */; };
		194841D9265C0BA200B287EB /* RegisterResult.swift in Sources */ = {isa = PBXBuildFile; fileRef = 194841D8265C0BA200B287EB /* RegisterResult.swift */; };
		19546BA52655CC66003B894A /* RegisterScrollViewController.swift in Sources */ = {isa = PBXBuildFile; fileRef = 19546BA42655CC66003B894A /* RegisterScrollViewController.swift */; };
		196A325C2659E97300C55F67 /* ProfessionalResult.swift in Sources */ = {isa = PBXBuildFile; fileRef = 196A325B2659E97300C55F67 /* ProfessionalResult.swift */; };
		196A325E2659E9DE00C55F67 /* ProfessionalModel.swift in Sources */ = {isa = PBXBuildFile; fileRef = 196A325D2659E9DD00C55F67 /* ProfessionalModel.swift */; };
		196A32602659EB4A00C55F67 /* ProfessionalViewModel.swift in Sources */ = {isa = PBXBuildFile; fileRef = 196A325F2659EB4A00C55F67 /* ProfessionalViewModel.swift */; };
		19711A80265C387200130F14 /* ProfessionalsViewController.swift in Sources */ = {isa = PBXBuildFile; fileRef = 19711A7F265C387200130F14 /* ProfessionalsViewController.swift */; };
		1991D3092652AFFE00E0200F /* API.swift in Sources */ = {isa = PBXBuildFile; fileRef = 1991D3082652AFFE00E0200F /* API.swift */; };
		19A0740B2653F06C001C55B8 /* logo.png in Resources */ = {isa = PBXBuildFile; fileRef = 19A0740A2653F06B001C55B8 /* logo.png */; };
		19A0740E26540073001C55B8 /* Lato in Resources */ = {isa = PBXBuildFile; fileRef = 19A0740D26540073001C55B8 /* Lato */; };
		19A07411265417FA001C55B8 /* background_splash.png in Resources */ = {isa = PBXBuildFile; fileRef = 19A0740F265417FA001C55B8 /* background_splash.png */; };
		19C7441726568C37004EF239 /* HomeViewController.swift in Sources */ = {isa = PBXBuildFile; fileRef = 19C7441626568C37004EF239 /* HomeViewController.swift */; };
		19C744192656939E004EF239 /* confirm.png in Resources */ = {isa = PBXBuildFile; fileRef = 19C744182656939E004EF239 /* confirm.png */; };
		19C744212656E365004EF239 /* LoginResult.swift in Sources */ = {isa = PBXBuildFile; fileRef = 19C744202656E365004EF239 /* LoginResult.swift */; };
		19F9F0212651759D00333079 /* UserModel.swift in Sources */ = {isa = PBXBuildFile; fileRef = 19F9F0202651759D00333079 /* UserModel.swift */; };
		19F9F023265175B500333079 /* UserViewModel.swift in Sources */ = {isa = PBXBuildFile; fileRef = 19F9F022265175B500333079 /* UserViewModel.swift */; };
		19F9F0252651DBBF00333079 /* Network.swift in Sources */ = {isa = PBXBuildFile; fileRef = 19F9F0242651DBBF00333079 /* Network.swift */; };
		19F9F0272651DBE200333079 /* HTTPMethod.swift in Sources */ = {isa = PBXBuildFile; fileRef = 19F9F0262651DBE200333079 /* HTTPMethod.swift */; };
		19FD561B264C842E0022CEB7 /* AppDelegate.swift in Sources */ = {isa = PBXBuildFile; fileRef = 19FD561A264C842E0022CEB7 /* AppDelegate.swift */; };
		19FD561D264C842E0022CEB7 /* SceneDelegate.swift in Sources */ = {isa = PBXBuildFile; fileRef = 19FD561C264C842E0022CEB7 /* SceneDelegate.swift */; };
		19FD561F264C842E0022CEB7 /* LoginViewController.swift in Sources */ = {isa = PBXBuildFile; fileRef = 19FD561E264C842E0022CEB7 /* LoginViewController.swift */; };
		19FD5622264C842E0022CEB7 /* Main.storyboard in Resources */ = {isa = PBXBuildFile; fileRef = 19FD5620264C842E0022CEB7 /* Main.storyboard */; };
		19FD5624264C842F0022CEB7 /* Assets.xcassets in Resources */ = {isa = PBXBuildFile; fileRef = 19FD5623264C842F0022CEB7 /* Assets.xcassets */; };
		19FD5627264C842F0022CEB7 /* LaunchScreen.storyboard in Resources */ = {isa = PBXBuildFile; fileRef = 19FD5625264C842F0022CEB7 /* LaunchScreen.storyboard */; };
		8C55BA33C0CF9C938DB2988C /* Pods_CampIoasys2Fase.framework in Frameworks */ = {isa = PBXBuildFile; fileRef = 6B1C8716D71AC692F6DE3B6F /* Pods_CampIoasys2Fase.framework */; };
/* End PBXBuildFile section */

/* Begin PBXFileReference section */
		19123922265E81EC00A77915 /* ConsultResult.swift */ = {isa = PBXFileReference; lastKnownFileType = sourcecode.swift; path = ConsultResult.swift; sourceTree = "<group>"; };
		191BE26A265711AC00BFC029 /* SuccessViewController.swift */ = {isa = PBXFileReference; lastKnownFileType = sourcecode.swift; path = SuccessViewController.swift; sourceTree = "<group>"; };
		19208A70265D2276007AA552 /* ProfessionalTableViewCell.swift */ = {isa = PBXFileReference; lastKnownFileType = sourcecode.swift; path = ProfessionalTableViewCell.swift; sourceTree = "<group>"; };
		19208A72265D3C8D007AA552 /* ComoFuncionaViewController.swift */ = {isa = PBXFileReference; lastKnownFileType = sourcecode.swift; path = ComoFuncionaViewController.swift; sourceTree = "<group>"; };
		19208A74265D6DE4007AA552 /* DetailsViewController.swift */ = {isa = PBXFileReference; lastKnownFileType = sourcecode.swift; path = DetailsViewController.swift; sourceTree = "<group>"; };
		19405C85265E86EA00D05F4A /* ConsultViewModel.swift */ = {isa = PBXFileReference; lastKnownFileType = sourcecode.swift; path = ConsultViewModel.swift; sourceTree = "<group>"; };
		19405C87265EA17000D05F4A /* ProfileViewController.swift */ = {isa = PBXFileReference; lastKnownFileType = sourcecode.swift; path = ProfileViewController.swift; sourceTree = "<group>"; };
		194841D8265C0BA200B287EB /* RegisterResult.swift */ = {isa = PBXFileReference; lastKnownFileType = sourcecode.swift; path = RegisterResult.swift; sourceTree = "<group>"; };
		19546BA42655CC66003B894A /* RegisterScrollViewController.swift */ = {isa = PBXFileReference; lastKnownFileType = sourcecode.swift; path = RegisterScrollViewController.swift; sourceTree = "<group>"; };
		196A325B2659E97300C55F67 /* ProfessionalResult.swift */ = {isa = PBXFileReference; lastKnownFileType = sourcecode.swift; path = ProfessionalResult.swift; sourceTree = "<group>"; };
		196A325D2659E9DD00C55F67 /* ProfessionalModel.swift */ = {isa = PBXFileReference; lastKnownFileType = sourcecode.swift; path = ProfessionalModel.swift; sourceTree = "<group>"; };
		196A325F2659EB4A00C55F67 /* ProfessionalViewModel.swift */ = {isa = PBXFileReference; lastKnownFileType = sourcecode.swift; path = ProfessionalViewModel.swift; sourceTree = "<group>"; };
		19711A7F265C387200130F14 /* ProfessionalsViewController.swift */ = {isa = PBXFileReference; lastKnownFileType = sourcecode.swift; path = ProfessionalsViewController.swift; sourceTree = "<group>"; };
		1991D3082652AFFE00E0200F /* API.swift */ = {isa = PBXFileReference; lastKnownFileType = sourcecode.swift; path = API.swift; sourceTree = "<group>"; };
		19A0740A2653F06B001C55B8 /* logo.png */ = {isa = PBXFileReference; lastKnownFileType = image.png; name = logo.png; path = Assets.xcassets/logo.png; sourceTree = "<group>"; };
		19A0740D26540073001C55B8 /* Lato */ = {isa = PBXFileReference; fileEncoding = 4; lastKnownFileType = folder; name = Lato; path = CampIoasys2Fase/Resources/Fonts/Lato; sourceTree = SOURCE_ROOT; };
		19A0740F265417FA001C55B8 /* background_splash.png */ = {isa = PBXFileReference; lastKnownFileType = image.png; name = background_splash.png; path = Assets.xcassets/background_splash.png; sourceTree = "<group>"; };
		19C7441626568C37004EF239 /* HomeViewController.swift */ = {isa = PBXFileReference; lastKnownFileType = sourcecode.swift; path = HomeViewController.swift; sourceTree = "<group>"; };
		19C744182656939E004EF239 /* confirm.png */ = {isa = PBXFileReference; lastKnownFileType = image.png; name = confirm.png; path = Assets.xcassets/confirm.png; sourceTree = "<group>"; };
		19C744202656E365004EF239 /* LoginResult.swift */ = {isa = PBXFileReference; lastKnownFileType = sourcecode.swift; path = LoginResult.swift; sourceTree = "<group>"; };
		19F9F0202651759D00333079 /* UserModel.swift */ = {isa = PBXFileReference; lastKnownFileType = sourcecode.swift; path = UserModel.swift; sourceTree = "<group>"; };
		19F9F022265175B500333079 /* UserViewModel.swift */ = {isa = PBXFileReference; lastKnownFileType = sourcecode.swift; path = UserViewModel.swift; sourceTree = "<group>"; };
		19F9F0242651DBBF00333079 /* Network.swift */ = {isa = PBXFileReference; lastKnownFileType = sourcecode.swift; path = Network.swift; sourceTree = "<group>"; };
		19F9F0262651DBE200333079 /* HTTPMethod.swift */ = {isa = PBXFileReference; lastKnownFileType = sourcecode.swift; path = HTTPMethod.swift; sourceTree = "<group>"; };
		19FD5617264C842E0022CEB7 /* CampIoasys2Fase.app */ = {isa = PBXFileReference; explicitFileType = wrapper.application; includeInIndex = 0; path = CampIoasys2Fase.app; sourceTree = BUILT_PRODUCTS_DIR; };
		19FD561A264C842E0022CEB7 /* AppDelegate.swift */ = {isa = PBXFileReference; lastKnownFileType = sourcecode.swift; path = AppDelegate.swift; sourceTree = "<group>"; };
		19FD561C264C842E0022CEB7 /* SceneDelegate.swift */ = {isa = PBXFileReference; lastKnownFileType = sourcecode.swift; path = SceneDelegate.swift; sourceTree = "<group>"; };
		19FD561E264C842E0022CEB7 /* LoginViewController.swift */ = {isa = PBXFileReference; lastKnownFileType = sourcecode.swift; path = LoginViewController.swift; sourceTree = "<group>"; };
		19FD5621264C842E0022CEB7 /* Base */ = {isa = PBXFileReference; lastKnownFileType = file.storyboard; name = Base; path = Base.lproj/Main.storyboard; sourceTree = "<group>"; };
		19FD5623264C842F0022CEB7 /* Assets.xcassets */ = {isa = PBXFileReference; lastKnownFileType = folder.assetcatalog; path = Assets.xcassets; sourceTree = "<group>"; };
		19FD5626264C842F0022CEB7 /* Base */ = {isa = PBXFileReference; lastKnownFileType = file.storyboard; name = Base; path = Base.lproj/LaunchScreen.storyboard; sourceTree = "<group>"; };
		19FD5628264C842F0022CEB7 /* Info.plist */ = {isa = PBXFileReference; lastKnownFileType = text.plist.xml; path = Info.plist; sourceTree = "<group>"; };
		6B1C8716D71AC692F6DE3B6F /* Pods_CampIoasys2Fase.framework */ = {isa = PBXFileReference; explicitFileType = wrapper.framework; includeInIndex = 0; path = Pods_CampIoasys2Fase.framework; sourceTree = BUILT_PRODUCTS_DIR; };
		79CA53906FCD1E85EE5A3DC8 /* Pods-CampIoasys2Fase.debug.xcconfig */ = {isa = PBXFileReference; includeInIndex = 1; lastKnownFileType = text.xcconfig; name = "Pods-CampIoasys2Fase.debug.xcconfig"; path = "Target Support Files/Pods-CampIoasys2Fase/Pods-CampIoasys2Fase.debug.xcconfig"; sourceTree = "<group>"; };
		86706F3D6E4A127DFAAABCEC /* Pods-CampIoasys2Fase.release.xcconfig */ = {isa = PBXFileReference; includeInIndex = 1; lastKnownFileType = text.xcconfig; name = "Pods-CampIoasys2Fase.release.xcconfig"; path = "Target Support Files/Pods-CampIoasys2Fase/Pods-CampIoasys2Fase.release.xcconfig"; sourceTree = "<group>"; };
/* End PBXFileReference section */

/* Begin PBXFrameworksBuildPhase section */
		19FD5614264C842E0022CEB7 /* Frameworks */ = {
			isa = PBXFrameworksBuildPhase;
			buildActionMask = 2147483647;
			files = (
				8C55BA33C0CF9C938DB2988C /* Pods_CampIoasys2Fase.framework in Frameworks */,
			);
			runOnlyForDeploymentPostprocessing = 0;
		};
/* End PBXFrameworksBuildPhase section */

/* Begin PBXGroup section */
		19A074092653EFA6001C55B8 /* Resources */ = {
			isa = PBXGroup;
			children = (
				19C744182656939E004EF239 /* confirm.png */,
				19A0740F265417FA001C55B8 /* background_splash.png */,
				19A0740C26540062001C55B8 /* Fonts */,
				19FD5623264C842F0022CEB7 /* Assets.xcassets */,
				19A0740A2653F06B001C55B8 /* logo.png */,
			);
			path = Resources;
			sourceTree = "<group>";
		};
		19A0740C26540062001C55B8 /* Fonts */ = {
			isa = PBXGroup;
			children = (
				19A0740D26540073001C55B8 /* Lato */,
			);
			path = Fonts;
			sourceTree = "<group>";
		};
		19FD560E264C842E0022CEB7 = {
			isa = PBXGroup;
			children = (
				19FD5619264C842E0022CEB7 /* CampIoasys2Fase */,
				19FD5618264C842E0022CEB7 /* Products */,
				503EEB71A264612071F3B4E9 /* Pods */,
				929B175DCFA9F8B870C3F898 /* Frameworks */,
			);
			sourceTree = "<group>";
		};
		19FD5618264C842E0022CEB7 /* Products */ = {
			isa = PBXGroup;
			children = (
				19FD5617264C842E0022CEB7 /* CampIoasys2Fase.app */,
			);
			name = Products;
			sourceTree = "<group>";
		};
		19FD5619264C842E0022CEB7 /* CampIoasys2Fase */ = {
			isa = PBXGroup;
			children = (
				19A074092653EFA6001C55B8 /* Resources */,
				19FD5634264C868A0022CEB7 /* Service */,
				19FD5632264C86780022CEB7 /* Network */,
				19FD5631264C86700022CEB7 /* Controller */,
				19FD5630264C866A0022CEB7 /* View */,
				19FD562F264C86610022CEB7 /* ViewModel */,
				19FD562E264C865B0022CEB7 /* Model */,
				19FD561A264C842E0022CEB7 /* AppDelegate.swift */,
				19FD561C264C842E0022CEB7 /* SceneDelegate.swift */,
				19FD5625264C842F0022CEB7 /* LaunchScreen.storyboard */,
				19FD5628264C842F0022CEB7 /* Info.plist */,
			);
			path = CampIoasys2Fase;
			sourceTree = "<group>";
		};
		19FD562E264C865B0022CEB7 /* Model */ = {
			isa = PBXGroup;
			children = (
				19F9F0202651759D00333079 /* UserModel.swift */,
				19C744202656E365004EF239 /* LoginResult.swift */,
				194841D8265C0BA200B287EB /* RegisterResult.swift */,
				196A325B2659E97300C55F67 /* ProfessionalResult.swift */,
				196A325D2659E9DD00C55F67 /* ProfessionalModel.swift */,
				19123922265E81EC00A77915 /* ConsultResult.swift */,
			);
			path = Model;
			sourceTree = "<group>";
		};
		19FD562F264C86610022CEB7 /* ViewModel */ = {
			isa = PBXGroup;
			children = (
				19F9F022265175B500333079 /* UserViewModel.swift */,
				196A325F2659EB4A00C55F67 /* ProfessionalViewModel.swift */,
				19405C85265E86EA00D05F4A /* ConsultViewModel.swift */,
			);
			path = ViewModel;
			sourceTree = "<group>";
		};
		19FD5630264C866A0022CEB7 /* View */ = {
			isa = PBXGroup;
			children = (
				19FD5620264C842E0022CEB7 /* Main.storyboard */,
				19208A70265D2276007AA552 /* ProfessionalTableViewCell.swift */,
			);
			path = View;
			sourceTree = "<group>";
		};
		19FD5631264C86700022CEB7 /* Controller */ = {
			isa = PBXGroup;
			children = (
				19FD561E264C842E0022CEB7 /* LoginViewController.swift */,
				19546BA42655CC66003B894A /* RegisterScrollViewController.swift */,
				19C7441626568C37004EF239 /* HomeViewController.swift */,
				191BE26A265711AC00BFC029 /* SuccessViewController.swift */,
				19711A7F265C387200130F14 /* ProfessionalsViewController.swift */,
				19208A72265D3C8D007AA552 /* ComoFuncionaViewController.swift */,
				19208A74265D6DE4007AA552 /* DetailsViewController.swift */,
				19405C87265EA17000D05F4A /* ProfileViewController.swift */,
			);
			path = Controller;
			sourceTree = "<group>";
		};
		19FD5632264C86780022CEB7 /* Network */ = {
			isa = PBXGroup;
			children = (
				19F9F0242651DBBF00333079 /* Network.swift */,
				19F9F0262651DBE200333079 /* HTTPMethod.swift */,
			);
			path = Network;
			sourceTree = "<group>";
		};
		19FD5634264C868A0022CEB7 /* Service */ = {
			isa = PBXGroup;
			children = (
				1991D3082652AFFE00E0200F /* API.swift */,
			);
			path = Service;
			sourceTree = "<group>";
		};
		503EEB71A264612071F3B4E9 /* Pods */ = {
			isa = PBXGroup;
			children = (
				79CA53906FCD1E85EE5A3DC8 /* Pods-CampIoasys2Fase.debug.xcconfig */,
				86706F3D6E4A127DFAAABCEC /* Pods-CampIoasys2Fase.release.xcconfig */,
			);
			path = Pods;
			sourceTree = "<group>";
		};
		929B175DCFA9F8B870C3F898 /* Frameworks */ = {
			isa = PBXGroup;
			children = (
				6B1C8716D71AC692F6DE3B6F /* Pods_CampIoasys2Fase.framework */,
			);
			name = Frameworks;
			sourceTree = "<group>";
		};
/* End PBXGroup section */

/* Begin PBXNativeTarget section */
		19FD5616264C842E0022CEB7 /* CampIoasys2Fase */ = {
			isa = PBXNativeTarget;
			buildConfigurationList = 19FD562B264C842F0022CEB7 /* Build configuration list for PBXNativeTarget "CampIoasys2Fase" */;
			buildPhases = (
				1CB147DE0247C17BECA2CFAC /* [CP] Check Pods Manifest.lock */,
				19FD5613264C842E0022CEB7 /* Sources */,
				19FD5614264C842E0022CEB7 /* Frameworks */,
				19FD5615264C842E0022CEB7 /* Resources */,
				AE5F5162080E3246F8834AD4 /* [CP] Embed Pods Frameworks */,
				192D1A1C2653398A00D37759 /* Swiftlint */,
			);
			buildRules = (
			);
			dependencies = (
			);
			name = CampIoasys2Fase;
			productName = CampIoasys2Fase;
			productReference = 19FD5617264C842E0022CEB7 /* CampIoasys2Fase.app */;
			productType = "com.apple.product-type.application";
		};
/* End PBXNativeTarget section */

/* Begin PBXProject section */
		19FD560F264C842E0022CEB7 /* Project object */ = {
			isa = PBXProject;
			attributes = {
				LastSwiftUpdateCheck = 1250;
				LastUpgradeCheck = 1250;
				TargetAttributes = {
					19FD5616264C842E0022CEB7 = {
						CreatedOnToolsVersion = 12.5;
					};
				};
			};
			buildConfigurationList = 19FD5612264C842E0022CEB7 /* Build configuration list for PBXProject "CampIoasys2Fase" */;
			compatibilityVersion = "Xcode 9.3";
			developmentRegion = en;
			hasScannedForEncodings = 0;
			knownRegions = (
				en,
				Base,
			);
			mainGroup = 19FD560E264C842E0022CEB7;
			productRefGroup = 19FD5618264C842E0022CEB7 /* Products */;
			projectDirPath = "";
			projectRoot = "";
			targets = (
				19FD5616264C842E0022CEB7 /* CampIoasys2Fase */,
			);
		};
/* End PBXProject section */

/* Begin PBXResourcesBuildPhase section */
		19FD5615264C842E0022CEB7 /* Resources */ = {
			isa = PBXResourcesBuildPhase;
			buildActionMask = 2147483647;
			files = (
				19A07411265417FA001C55B8 /* background_splash.png in Resources */,
				19A0740B2653F06C001C55B8 /* logo.png in Resources */,
				19C744192656939E004EF239 /* confirm.png in Resources */,
				19FD5627264C842F0022CEB7 /* LaunchScreen.storyboard in Resources */,
				19FD5624264C842F0022CEB7 /* Assets.xcassets in Resources */,
				19A0740E26540073001C55B8 /* Lato in Resources */,
				19FD5622264C842E0022CEB7 /* Main.storyboard in Resources */,
			);
			runOnlyForDeploymentPostprocessing = 0;
		};
/* End PBXResourcesBuildPhase section */

/* Begin PBXShellScriptBuildPhase section */
		192D1A1C2653398A00D37759 /* Swiftlint */ = {
			isa = PBXShellScriptBuildPhase;
			buildActionMask = 8;
			files = (
			);
			inputFileListPaths = (
			);
			inputPaths = (
			);
			name = Swiftlint;
			outputFileListPaths = (
			);
			outputPaths = (
			);
			runOnlyForDeploymentPostprocessing = 1;
			shellPath = /bin/sh;
			shellScript = "# Type a script or drag a script file from your workspace to insert its path.\n\"${PODS_ROOT}/SwiftLint/swiftlint\"\n";
		};
		1CB147DE0247C17BECA2CFAC /* [CP] Check Pods Manifest.lock */ = {
			isa = PBXShellScriptBuildPhase;
			buildActionMask = 2147483647;
			files = (
			);
			inputFileListPaths = (
			);
			inputPaths = (
				"${PODS_PODFILE_DIR_PATH}/Podfile.lock",
				"${PODS_ROOT}/Manifest.lock",
			);
			name = "[CP] Check Pods Manifest.lock";
			outputFileListPaths = (
			);
			outputPaths = (
				"$(DERIVED_FILE_DIR)/Pods-CampIoasys2Fase-checkManifestLockResult.txt",
			);
			runOnlyForDeploymentPostprocessing = 0;
			shellPath = /bin/sh;
			shellScript = "diff \"${PODS_PODFILE_DIR_PATH}/Podfile.lock\" \"${PODS_ROOT}/Manifest.lock\" > /dev/null\nif [ $? != 0 ] ; then\n    # print error to STDERR\n    echo \"error: The sandbox is not in sync with the Podfile.lock. Run 'pod install' or update your CocoaPods installation.\" >&2\n    exit 1\nfi\n# This output is used by Xcode 'outputs' to avoid re-running this script phase.\necho \"SUCCESS\" > \"${SCRIPT_OUTPUT_FILE_0}\"\n";
			showEnvVarsInLog = 0;
		};
		AE5F5162080E3246F8834AD4 /* [CP] Embed Pods Frameworks */ = {
			isa = PBXShellScriptBuildPhase;
			buildActionMask = 2147483647;
			files = (
			);
			inputFileListPaths = (
				"${PODS_ROOT}/Target Support Files/Pods-CampIoasys2Fase/Pods-CampIoasys2Fase-frameworks-${CONFIGURATION}-input-files.xcfilelist",
			);
			name = "[CP] Embed Pods Frameworks";
			outputFileListPaths = (
				"${PODS_ROOT}/Target Support Files/Pods-CampIoasys2Fase/Pods-CampIoasys2Fase-frameworks-${CONFIGURATION}-output-files.xcfilelist",
			);
			runOnlyForDeploymentPostprocessing = 0;
			shellPath = /bin/sh;
			shellScript = "\"${PODS_ROOT}/Target Support Files/Pods-CampIoasys2Fase/Pods-CampIoasys2Fase-frameworks.sh\"\n";
			showEnvVarsInLog = 0;
		};
/* End PBXShellScriptBuildPhase section */

/* Begin PBXSourcesBuildPhase section */
		19FD5613264C842E0022CEB7 /* Sources */ = {
			isa = PBXSourcesBuildPhase;
			buildActionMask = 2147483647;
			files = (
				19FD561F264C842E0022CEB7 /* LoginViewController.swift in Sources */,
				19F9F0212651759D00333079 /* UserModel.swift in Sources */,
				19546BA52655CC66003B894A /* RegisterScrollViewController.swift in Sources */,
				194841D9265C0BA200B287EB /* RegisterResult.swift in Sources */,
				19208A73265D3C8D007AA552 /* ComoFuncionaViewController.swift in Sources */,
				19F9F0272651DBE200333079 /* HTTPMethod.swift in Sources */,
				19F9F0252651DBBF00333079 /* Network.swift in Sources */,
				19208A71265D2276007AA552 /* ProfessionalTableViewCell.swift in Sources */,
				19C7441726568C37004EF239 /* HomeViewController.swift in Sources */,
				19711A80265C387200130F14 /* ProfessionalsViewController.swift in Sources */,
				19123923265E81EC00A77915 /* ConsultResult.swift in Sources */,
				19C744212656E365004EF239 /* LoginResult.swift in Sources */,
				196A325C2659E97300C55F67 /* ProfessionalResult.swift in Sources */,
				196A325E2659E9DE00C55F67 /* ProfessionalModel.swift in Sources */,
				19FD561B264C842E0022CEB7 /* AppDelegate.swift in Sources */,
				19405C88265EA17100D05F4A /* ProfileViewController.swift in Sources */,
				19405C86265E86EA00D05F4A /* ConsultViewModel.swift in Sources */,
				196A32602659EB4A00C55F67 /* ProfessionalViewModel.swift in Sources */,
				19F9F023265175B500333079 /* UserViewModel.swift in Sources */,
				1991D3092652AFFE00E0200F /* API.swift in Sources */,
				191BE26B265711AC00BFC029 /* SuccessViewController.swift in Sources */,
				19FD561D264C842E0022CEB7 /* SceneDelegate.swift in Sources */,
				19208A75265D6DE4007AA552 /* DetailsViewController.swift in Sources */,
			);
			runOnlyForDeploymentPostprocessing = 0;
		};
/* End PBXSourcesBuildPhase section */

/* Begin PBXVariantGroup section */
		19FD5620264C842E0022CEB7 /* Main.storyboard */ = {
			isa = PBXVariantGroup;
			children = (
				19FD5621264C842E0022CEB7 /* Base */,
			);
			name = Main.storyboard;
			sourceTree = "<group>";
		};
		19FD5625264C842F0022CEB7 /* LaunchScreen.storyboard */ = {
			isa = PBXVariantGroup;
			children = (
				19FD5626264C842F0022CEB7 /* Base */,
			);
			name = LaunchScreen.storyboard;
			sourceTree = "<group>";
		};
/* End PBXVariantGroup section */

/* Begin XCBuildConfiguration section */
		19FD5629264C842F0022CEB7 /* Debug */ = {
			isa = XCBuildConfiguration;
			buildSettings = {
				ALWAYS_SEARCH_USER_PATHS = NO;
				CLANG_ANALYZER_NONNULL = YES;
				CLANG_ANALYZER_NUMBER_OBJECT_CONVERSION = YES_AGGRESSIVE;
				CLANG_CXX_LANGUAGE_STANDARD = "gnu++14";
				CLANG_CXX_LIBRARY = "libc++";
				CLANG_ENABLE_MODULES = YES;
				CLANG_ENABLE_OBJC_ARC = YES;
				CLANG_ENABLE_OBJC_WEAK = YES;
				CLANG_WARN_BLOCK_CAPTURE_AUTORELEASING = YES;
				CLANG_WARN_BOOL_CONVERSION = YES;
				CLANG_WARN_COMMA = YES;
				CLANG_WARN_CONSTANT_CONVERSION = YES;
				CLANG_WARN_DEPRECATED_OBJC_IMPLEMENTATIONS = YES;
				CLANG_WARN_DIRECT_OBJC_ISA_USAGE = YES_ERROR;
				CLANG_WARN_DOCUMENTATION_COMMENTS = YES;
				CLANG_WARN_EMPTY_BODY = YES;
				CLANG_WARN_ENUM_CONVERSION = YES;
				CLANG_WARN_INFINITE_RECURSION = YES;
				CLANG_WARN_INT_CONVERSION = YES;
				CLANG_WARN_NON_LITERAL_NULL_CONVERSION = YES;
				CLANG_WARN_OBJC_IMPLICIT_RETAIN_SELF = YES;
				CLANG_WARN_OBJC_LITERAL_CONVERSION = YES;
				CLANG_WARN_OBJC_ROOT_CLASS = YES_ERROR;
				CLANG_WARN_QUOTED_INCLUDE_IN_FRAMEWORK_HEADER = YES;
				CLANG_WARN_RANGE_LOOP_ANALYSIS = YES;
				CLANG_WARN_STRICT_PROTOTYPES = YES;
				CLANG_WARN_SUSPICIOUS_MOVE = YES;
				CLANG_WARN_UNGUARDED_AVAILABILITY = YES_AGGRESSIVE;
				CLANG_WARN_UNREACHABLE_CODE = YES;
				CLANG_WARN__DUPLICATE_METHOD_MATCH = YES;
				COPY_PHASE_STRIP = NO;
				DEBUG_INFORMATION_FORMAT = dwarf;
				ENABLE_STRICT_OBJC_MSGSEND = YES;
				ENABLE_TESTABILITY = YES;
				GCC_C_LANGUAGE_STANDARD = gnu11;
				GCC_DYNAMIC_NO_PIC = NO;
				GCC_NO_COMMON_BLOCKS = YES;
				GCC_OPTIMIZATION_LEVEL = 0;
				GCC_PREPROCESSOR_DEFINITIONS = (
					"DEBUG=1",
					"$(inherited)",
				);
				GCC_WARN_64_TO_32_BIT_CONVERSION = YES;
				GCC_WARN_ABOUT_RETURN_TYPE = YES_ERROR;
				GCC_WARN_UNDECLARED_SELECTOR = YES;
				GCC_WARN_UNINITIALIZED_AUTOS = YES_AGGRESSIVE;
				GCC_WARN_UNUSED_FUNCTION = YES;
				GCC_WARN_UNUSED_VARIABLE = YES;
				IPHONEOS_DEPLOYMENT_TARGET = 14.5;
				MTL_ENABLE_DEBUG_INFO = INCLUDE_SOURCE;
				MTL_FAST_MATH = YES;
				ONLY_ACTIVE_ARCH = YES;
				SDKROOT = iphoneos;
				SWIFT_ACTIVE_COMPILATION_CONDITIONS = DEBUG;
				SWIFT_OPTIMIZATION_LEVEL = "-Onone";
			};
			name = Debug;
		};
		19FD562A264C842F0022CEB7 /* Release */ = {
			isa = XCBuildConfiguration;
			buildSettings = {
				ALWAYS_SEARCH_USER_PATHS = NO;
				CLANG_ANALYZER_NONNULL = YES;
				CLANG_ANALYZER_NUMBER_OBJECT_CONVERSION = YES_AGGRESSIVE;
				CLANG_CXX_LANGUAGE_STANDARD = "gnu++14";
				CLANG_CXX_LIBRARY = "libc++";
				CLANG_ENABLE_MODULES = YES;
				CLANG_ENABLE_OBJC_ARC = YES;
				CLANG_ENABLE_OBJC_WEAK = YES;
				CLANG_WARN_BLOCK_CAPTURE_AUTORELEASING = YES;
				CLANG_WARN_BOOL_CONVERSION = YES;
				CLANG_WARN_COMMA = YES;
				CLANG_WARN_CONSTANT_CONVERSION = YES;
				CLANG_WARN_DEPRECATED_OBJC_IMPLEMENTATIONS = YES;
				CLANG_WARN_DIRECT_OBJC_ISA_USAGE = YES_ERROR;
				CLANG_WARN_DOCUMENTATION_COMMENTS = YES;
				CLANG_WARN_EMPTY_BODY = YES;
				CLANG_WARN_ENUM_CONVERSION = YES;
				CLANG_WARN_INFINITE_RECURSION = YES;
				CLANG_WARN_INT_CONVERSION = YES;
				CLANG_WARN_NON_LITERAL_NULL_CONVERSION = YES;
				CLANG_WARN_OBJC_IMPLICIT_RETAIN_SELF = YES;
				CLANG_WARN_OBJC_LITERAL_CONVERSION = YES;
				CLANG_WARN_OBJC_ROOT_CLASS = YES_ERROR;
				CLANG_WARN_QUOTED_INCLUDE_IN_FRAMEWORK_HEADER = YES;
				CLANG_WARN_RANGE_LOOP_ANALYSIS = YES;
				CLANG_WARN_STRICT_PROTOTYPES = YES;
				CLANG_WARN_SUSPICIOUS_MOVE = YES;
				CLANG_WARN_UNGUARDED_AVAILABILITY = YES_AGGRESSIVE;
				CLANG_WARN_UNREACHABLE_CODE = YES;
				CLANG_WARN__DUPLICATE_METHOD_MATCH = YES;
				COPY_PHASE_STRIP = NO;
				DEBUG_INFORMATION_FORMAT = "dwarf-with-dsym";
				ENABLE_NS_ASSERTIONS = NO;
				ENABLE_STRICT_OBJC_MSGSEND = YES;
				GCC_C_LANGUAGE_STANDARD = gnu11;
				GCC_NO_COMMON_BLOCKS = YES;
				GCC_WARN_64_TO_32_BIT_CONVERSION = YES;
				GCC_WARN_ABOUT_RETURN_TYPE = YES_ERROR;
				GCC_WARN_UNDECLARED_SELECTOR = YES;
				GCC_WARN_UNINITIALIZED_AUTOS = YES_AGGRESSIVE;
				GCC_WARN_UNUSED_FUNCTION = YES;
				GCC_WARN_UNUSED_VARIABLE = YES;
				IPHONEOS_DEPLOYMENT_TARGET = 14.5;
				MTL_ENABLE_DEBUG_INFO = NO;
				MTL_FAST_MATH = YES;
				SDKROOT = iphoneos;
				SWIFT_COMPILATION_MODE = wholemodule;
				SWIFT_OPTIMIZATION_LEVEL = "-O";
				VALIDATE_PRODUCT = YES;
			};
			name = Release;
		};
		19FD562C264C842F0022CEB7 /* Debug */ = {
			isa = XCBuildConfiguration;
			baseConfigurationReference = 79CA53906FCD1E85EE5A3DC8 /* Pods-CampIoasys2Fase.debug.xcconfig */;
			buildSettings = {
				ASSETCATALOG_COMPILER_APPICON_NAME = AppIcon;
				ASSETCATALOG_COMPILER_GLOBAL_ACCENT_COLOR_NAME = AccentColor;
				CODE_SIGN_STYLE = Automatic;
				DEVELOPMENT_TEAM = PDJYHM96J6;
				INFOPLIST_FILE = CampIoasys2Fase/Info.plist;
				LD_RUNPATH_SEARCH_PATHS = (
					"$(inherited)",
					"@executable_path/Frameworks",
				);
				PRODUCT_BUNDLE_IDENTIFIER = "Camp-Ioasys.CampIoasys2Fase";
				PRODUCT_NAME = "$(TARGET_NAME)";
				SWIFT_VERSION = 5.0;
				TARGETED_DEVICE_FAMILY = "1,2";
			};
			name = Debug;
		};
		19FD562D264C842F0022CEB7 /* Release */ = {
			isa = XCBuildConfiguration;
			baseConfigurationReference = 86706F3D6E4A127DFAAABCEC /* Pods-CampIoasys2Fase.release.xcconfig */;
			buildSettings = {
				ASSETCATALOG_COMPILER_APPICON_NAME = AppIcon;
				ASSETCATALOG_COMPILER_GLOBAL_ACCENT_COLOR_NAME = AccentColor;
				CODE_SIGN_STYLE = Automatic;
				DEVELOPMENT_TEAM = PDJYHM96J6;
				INFOPLIST_FILE = CampIoasys2Fase/Info.plist;
				LD_RUNPATH_SEARCH_PATHS = (
					"$(inherited)",
					"@executable_path/Frameworks",
				);
				PRODUCT_BUNDLE_IDENTIFIER = "Camp-Ioasys.CampIoasys2Fase";
				PRODUCT_NAME = "$(TARGET_NAME)";
				SWIFT_VERSION = 5.0;
				TARGETED_DEVICE_FAMILY = "1,2";
			};
			name = Release;
		};
/* End XCBuildConfiguration section */

/* Begin XCConfigurationList section */
		19FD5612264C842E0022CEB7 /* Build configuration list for PBXProject "CampIoasys2Fase" */ = {
			isa = XCConfigurationList;
			buildConfigurations = (
				19FD5629264C842F0022CEB7 /* Debug */,
				19FD562A264C842F0022CEB7 /* Release */,
			);
			defaultConfigurationIsVisible = 0;
			defaultConfigurationName = Release;
		};
		19FD562B264C842F0022CEB7 /* Build configuration list for PBXNativeTarget "CampIoasys2Fase" */ = {
			isa = XCConfigurationList;
			buildConfigurations = (
				19FD562C264C842F0022CEB7 /* Debug */,
				19FD562D264C842F0022CEB7 /* Release */,
			);
			defaultConfigurationIsVisible = 0;
			defaultConfigurationName = Release;
		};
/* End XCConfigurationList section */
	};
	rootObject = 19FD560F264C842E0022CEB7 /* Project object */;
}
